
Microsoft Visual Studio Solution File, Format Version 12.00
# Visual Studio Version 17
VisualStudioVersion = 17.0.31903.59
MinimumVisualStudioVersion = 10.0.40219.1
Project("{2150E333-8FDC-42A3-9474-1A3956D46DE8}") = "src", "src", "{D38661D8-796B-4E6A-AEFF-659E22C4B35C}"
EndProject
Project("{9A19103F-16F7-4668-BE54-9A1E7A4F7556}") = "Site.EndPoint", "Site.EndPoint\Site.EndPoint.csproj", "{492E9736-1ADC-44EE-BFEE-6DE4F20EF568}"
EndProject
Project("{9A19103F-16F7-4668-BE54-9A1E7A4F7556}") = "Site.Common", "Site.Common\Site.Common.csproj", "{1EFB980B-3C7A-4716-863D-AF85111DDFCD}"
EndProject
Project("{9A19103F-16F7-4668-BE54-9A1E7A4F7556}") = "Site.Application", "Site.Application\Site.Application.csproj", "{14D2078F-587B-409A-9DDE-CB75C21380EC}"
EndProject
Project("{9A19103F-16F7-4668-BE54-9A1E7A4F7556}") = "Site.Domain", "Site.Domain\Site.Domain.csproj", "{ABF6D73E-F2D2-4685-98CA-F6FC5975DC81}"
EndProject
Project("{9A19103F-16F7-4668-BE54-9A1E7A4F7556}") = "Site.Infrastructure", "Site.Infrastructure\Site.Infrastructure.csproj", "{2F704DC1-F562-4DFD-BB07-330163A6D58F}"
EndProject
Project("{9A19103F-16F7-4668-BE54-9A1E7A4F7556}") = "Site.Persistance", "Site.Persistance\Site.Persistance.csproj", "{F077DEAE-D19D-4E7A-9D9A-421A9B12C14B}"
EndProject
Project("{9A19103F-16F7-4668-BE54-9A1E7A4F7556}") = "PersianTranslation", "PersianTranslation\PersianTranslation.csproj", "{C82CDB62-13C7-404A-B284-45AD2A526405}"
EndProject
Project("{2150E333-8FDC-42A3-9474-1A3956D46DE8}") = "Common", "Common", "{0D575664-8070-4BAC-8282-67F542FB2499}"
EndProject
Project("{2150E333-8FDC-42A3-9474-1A3956D46DE8}") = "Core", "Core", "{29AB8955-1C0B-401F-AD73-03099B0D1AC0}"
EndProject
Project("{2150E333-8FDC-42A3-9474-1A3956D46DE8}") = "Infrastructure", "Infrastructure", "{16FA7933-0906-401C-B6C3-8500BE1883DF}"
EndProject
Project("{2150E333-8FDC-42A3-9474-1A3956D46DE8}") = "UI", "UI", "{A74BD3D1-1320-4C51-85D5-EBA8C0A4AB74}"
EndProject
Project("{2150E333-8FDC-42A3-9474-1A3956D46DE8}") = "Api", "Api", "{67ED43A6-99D6-4B10-86B3-A5E1E23BF00C}"
EndProject
Project("{FAE04EC0-301F-11D3-BF4B-00C04F79EFBC}") = "Healthy", "Healthy\Healthy.csproj", "{B1470723-9795-4E95-A0C0-A712372E1412}"
EndProject
Global
	GlobalSection(SolutionConfigurationPlatforms) = preSolution
		Debug|Any CPU = Debug|Any CPU
		Release|Any CPU = Release|Any CPU
	EndGlobalSection
	GlobalSection(ProjectConfigurationPlatforms) = postSolution
		{492E9736-1ADC-44EE-BFEE-6DE4F20EF568}.Debug|Any CPU.ActiveCfg = Debug|Any CPU
		{492E9736-1ADC-44EE-BFEE-6DE4F20EF568}.Debug|Any CPU.Build.0 = Debug|Any CPU
		{492E9736-1ADC-44EE-BFEE-6DE4F20EF568}.Release|Any CPU.ActiveCfg = Release|Any CPU
		{492E9736-1ADC-44EE-BFEE-6DE4F20EF568}.Release|Any CPU.Build.0 = Release|Any CPU
		{1EFB980B-3C7A-4716-863D-AF85111DDFCD}.Debug|Any CPU.ActiveCfg = Debug|Any CPU
		{1EFB980B-3C7A-4716-863D-AF85111DDFCD}.Debug|Any CPU.Build.0 = Debug|Any CPU
		{1EFB980B-3C7A-4716-863D-AF85111DDFCD}.Release|Any CPU.ActiveCfg = Release|Any CPU
		{1EFB980B-3C7A-4716-863D-AF85111DDFCD}.Release|Any CPU.Build.0 = Release|Any CPU
		{14D2078F-587B-409A-9DDE-CB75C21380EC}.Debug|Any CPU.ActiveCfg = Debug|Any CPU
		{14D2078F-587B-409A-9DDE-CB75C21380EC}.Debug|Any CPU.Build.0 = Debug|Any CPU
		{14D2078F-587B-409A-9DDE-CB75C21380EC}.Release|Any CPU.ActiveCfg = Release|Any CPU
		{14D2078F-587B-409A-9DDE-CB75C21380EC}.Release|Any CPU.Build.0 = Release|Any CPU
		{ABF6D73E-F2D2-4685-98CA-F6FC5975DC81}.Debug|Any CPU.ActiveCfg = Debug|Any CPU
		{ABF6D73E-F2D2-4685-98CA-F6FC5975DC81}.Debug|Any CPU.Build.0 = Debug|Any CPU
		{ABF6D73E-F2D2-4685-98CA-F6FC5975DC81}.Release|Any CPU.ActiveCfg = Release|Any CPU
		{ABF6D73E-F2D2-4685-98CA-F6FC5975DC81}.Release|Any CPU.Build.0 = Release|Any CPU
		{2F704DC1-F562-4DFD-BB07-330163A6D58F}.Debug|Any CPU.ActiveCfg = Debug|Any CPU
		{2F704DC1-F562-4DFD-BB07-330163A6D58F}.Debug|Any CPU.Build.0 = Debug|Any CPU
		{2F704DC1-F562-4DFD-BB07-330163A6D58F}.Release|Any CPU.ActiveCfg = Release|Any CPU
		{2F704DC1-F562-4DFD-BB07-330163A6D58F}.Release|Any CPU.Build.0 = Release|Any CPU
		{F077DEAE-D19D-4E7A-9D9A-421A9B12C14B}.Debug|Any CPU.ActiveCfg = Debug|Any CPU
		{F077DEAE-D19D-4E7A-9D9A-421A9B12C14B}.Debug|Any CPU.Build.0 = Debug|Any CPU
		{F077DEAE-D19D-4E7A-9D9A-421A9B12C14B}.Release|Any CPU.ActiveCfg = Release|Any CPU
		{F077DEAE-D19D-4E7A-9D9A-421A9B12C14B}.Release|Any CPU.Build.0 = Release|Any CPU
		{C82CDB62-13C7-404A-B284-45AD2A526405}.Debug|Any CPU.ActiveCfg = Debug|Any CPU
		{C82CDB62-13C7-404A-B284-45AD2A526405}.Debug|Any CPU.Build.0 = Debug|Any CPU
		{C82CDB62-13C7-404A-B284-45AD2A526405}.Release|Any CPU.ActiveCfg = Release|Any CPU
		{C82CDB62-13C7-404A-B284-45AD2A526405}.Release|Any CPU.Build.0 = Release|Any CPU
		{B1470723-9795-4E95-A0C0-A712372E1412}.Debug|Any CPU.ActiveCfg = Debug|Any CPU
		{B1470723-9795-4E95-A0C0-A712372E1412}.Debug|Any CPU.Build.0 = Debug|Any CPU
		{B1470723-9795-4E95-A0C0-A712372E1412}.Release|Any CPU.ActiveCfg = Release|Any CPU
		{B1470723-9795-4E95-A0C0-A712372E1412}.Release|Any CPU.Build.0 = Release|Any CPU
	EndGlobalSection
	GlobalSection(SolutionProperties) = preSolution
		HideSolutionNode = FALSE
	EndGlobalSection
	GlobalSection(NestedProjects) = preSolution
		{492E9736-1ADC-44EE-BFEE-6DE4F20EF568} = {A74BD3D1-1320-4C51-85D5-EBA8C0A4AB74}
		{1EFB980B-3C7A-4716-863D-AF85111DDFCD} = {0D575664-8070-4BAC-8282-67F542FB2499}
		{14D2078F-587B-409A-9DDE-CB75C21380EC} = {29AB8955-1C0B-401F-AD73-03099B0D1AC0}
		{ABF6D73E-F2D2-4685-98CA-F6FC5975DC81} = {29AB8955-1C0B-401F-AD73-03099B0D1AC0}
		{2F704DC1-F562-4DFD-BB07-330163A6D58F} = {16FA7933-0906-401C-B6C3-8500BE1883DF}
		{F077DEAE-D19D-4E7A-9D9A-421A9B12C14B} = {16FA7933-0906-401C-B6C3-8500BE1883DF}
		{C82CDB62-13C7-404A-B284-45AD2A526405} = {0D575664-8070-4BAC-8282-67F542FB2499}
		{0D575664-8070-4BAC-8282-67F542FB2499} = {D38661D8-796B-4E6A-AEFF-659E22C4B35C}
		{29AB8955-1C0B-401F-AD73-03099B0D1AC0} = {D38661D8-796B-4E6A-AEFF-659E22C4B35C}
		{16FA7933-0906-401C-B6C3-8500BE1883DF} = {D38661D8-796B-4E6A-AEFF-659E22C4B35C}
		{A74BD3D1-1320-4C51-85D5-EBA8C0A4AB74} = {D38661D8-796B-4E6A-AEFF-659E22C4B35C}
		{67ED43A6-99D6-4B10-86B3-A5E1E23BF00C} = {D38661D8-796B-4E6A-AEFF-659E22C4B35C}
		{B1470723-9795-4E95-A0C0-A712372E1412} = {67ED43A6-99D6-4B10-86B3-A5E1E23BF00C}
	EndGlobalSection
	GlobalSection(ExtensibilityGlobals) = postSolution
		SolutionGuid = {1EF8BFB4-101C-4EBD-9A80-804C7FFD41A9}
	EndGlobalSection
EndGlobal
