
Microsoft Visual Studio Solution File, Format Version 12.00
# Visual Studio Version 17
VisualStudioVersion = 17.0.31903.59
MinimumVisualStudioVersion = 10.0.40219.1
Project("{2150E333-8FDC-42A3-9474-1A3956D46DE8}") = "src", "src", "{D38661D8-796B-4E6A-AEFF-659E22C4B35C}"
EndProject
Project("{FAE04EC0-301F-11D3-BF4B-00C04F79EFBC}") = "Site.EndPoint", "Site.EndPoint\Site.EndPoint.csproj", "{492E9736-1ADC-44EE-BFEE-6DE4F20EF568}"
EndProject
Project("{FAE04EC0-301F-11D3-BF4B-00C04F79EFBC}") = "Site.Common", "Site.Common\Site.Common.csproj", "{1EFB980B-3C7A-4716-863D-AF85111DDFCD}"
EndProject
Project("{FAE04EC0-301F-11D3-BF4B-00C04F79EFBC}") = "Site.Application", "Site.Application\Site.Application.csproj", "{14D2078F-587B-409A-9DDE-CB75C21380EC}"
EndProject
Project("{FAE04EC0-301F-11D3-BF4B-00C04F79EFBC}") = "Site.Domain", "Site.Domain\Site.Domain.csproj", "{ABF6D73E-F2D2-4685-98CA-F6FC5975DC81}"
EndProject
Project("{FAE04EC0-301F-11D3-BF4B-00C04F79EFBC}") = "Site.Infrastructure", "Site.Infrastructure\Site.Infrastructure.csproj", "{2F704DC1-F562-4DFD-BB07-330163A6D58F}"
EndProject
Project("{FAE04EC0-301F-11D3-BF4B-00C04F79EFBC}") = "Site.Persistance", "Site.Persistance\Site.Persistance.csproj", "{F077DEAE-D19D-4E7A-9D9A-421A9B12C14B}"
EndProject
Global
	GlobalSection(SolutionConfigurationPlatforms) = preSolution
		Debug|Any CPU = Debug|Any CPU
		Release|Any CPU = Release|Any CPU
	EndGlobalSection
	GlobalSection(ProjectConfigurationPlatforms) = postSolution
		{492E9736-1ADC-44EE-BFEE-6DE4F20EF568}.Debug|Any CPU.ActiveCfg = Debug|Any CPU
		{492E9736-1ADC-44EE-BFEE-6DE4F20EF568}.Debug|Any CPU.Build.0 = Debug|Any CPU
		{492E9736-1ADC-44EE-BFEE-6DE4F20EF568}.Release|Any CPU.ActiveCfg = Release|Any CPU
		{492E9736-1ADC-44EE-BFEE-6DE4F20EF568}.Release|Any CPU.Build.0 = Release|Any CPU
		{1EFB980B-3C7A-4716-863D-AF85111DDFCD}.Debug|Any CPU.ActiveCfg = Debug|Any CPU
		{1EFB980B-3C7A-4716-863D-AF85111DDFCD}.Debug|Any CPU.Build.0 = Debug|Any CPU
		{1EFB980B-3C7A-4716-863D-AF85111DDFCD}.Release|Any CPU.ActiveCfg = Release|Any CPU
		{1EFB980B-3C7A-4716-863D-AF85111DDFCD}.Release|Any CPU.Build.0 = Release|Any CPU
		{14D2078F-587B-409A-9DDE-CB75C21380EC}.Debug|Any CPU.ActiveCfg = Debug|Any CPU
		{14D2078F-587B-409A-9DDE-CB75C21380EC}.Debug|Any CPU.Build.0 = Debug|Any CPU
		{14D2078F-587B-409A-9DDE-CB75C21380EC}.Release|Any CPU.ActiveCfg = Release|Any CPU
		{14D2078F-587B-409A-9DDE-CB75C21380EC}.Release|Any CPU.Build.0 = Release|Any CPU
		{ABF6D73E-F2D2-4685-98CA-F6FC5975DC81}.Debug|Any CPU.ActiveCfg = Debug|Any CPU
		{ABF6D73E-F2D2-4685-98CA-F6FC5975DC81}.Debug|Any CPU.Build.0 = Debug|Any CPU
		{ABF6D73E-F2D2-4685-98CA-F6FC5975DC81}.Release|Any CPU.ActiveCfg = Release|Any CPU
		{ABF6D73E-F2D2-4685-98CA-F6FC5975DC81}.Release|Any CPU.Build.0 = Release|Any CPU
		{2F704DC1-F562-4DFD-BB07-330163A6D58F}.Debug|Any CPU.ActiveCfg = Debug|Any CPU
		{2F704DC1-F562-4DFD-BB07-330163A6D58F}.Debug|Any CPU.Build.0 = Debug|Any CPU
		{2F704DC1-F562-4DFD-BB07-330163A6D58F}.Release|Any CPU.ActiveCfg = Release|Any CPU
		{2F704DC1-F562-4DFD-BB07-330163A6D58F}.Release|Any CPU.Build.0 = Release|Any CPU
		{F077DEAE-D19D-4E7A-9D9A-421A9B12C14B}.Debug|Any CPU.ActiveCfg = Debug|Any CPU
		{F077DEAE-D19D-4E7A-9D9A-421A9B12C14B}.Debug|Any CPU.Build.0 = Debug|Any CPU
		{F077DEAE-D19D-4E7A-9D9A-421A9B12C14B}.Release|Any CPU.ActiveCfg = Release|Any CPU
		{F077DEAE-D19D-4E7A-9D9A-421A9B12C14B}.Release|Any CPU.Build.0 = Release|Any CPU
	EndGlobalSection
	GlobalSection(SolutionProperties) = preSolution
		HideSolutionNode = FALSE
	EndGlobalSection
	GlobalSection(NestedProjects) = preSolution
		{492E9736-1ADC-44EE-BFEE-6DE4F20EF568} = {D38661D8-796B-4E6A-AEFF-659E22C4B35C}
		{1EFB980B-3C7A-4716-863D-AF85111DDFCD} = {D38661D8-796B-4E6A-AEFF-659E22C4B35C}
		{14D2078F-587B-409A-9DDE-CB75C21380EC} = {D38661D8-796B-4E6A-AEFF-659E22C4B35C}
		{ABF6D73E-F2D2-4685-98CA-F6FC5975DC81} = {D38661D8-796B-4E6A-AEFF-659E22C4B35C}
		{2F704DC1-F562-4DFD-BB07-330163A6D58F} = {D38661D8-796B-4E6A-AEFF-659E22C4B35C}
		{F077DEAE-D19D-4E7A-9D9A-421A9B12C14B} = {D38661D8-796B-4E6A-AEFF-659E22C4B35C}
	EndGlobalSection
	GlobalSection(ExtensibilityGlobals) = postSolution
		SolutionGuid = {1EF8BFB4-101C-4EBD-9A80-804C7FFD41A9}
	EndGlobalSection
EndGlobal
